<?xml version="1.0" encoding="utf-8"?>
<Project ToolsVersion="4.0" xmlns="http://schemas.microsoft.com/developer/msbuild/2003">
  <ItemGroup>
    <Filter Include="Файлы исходного кода">
      <UniqueIdentifier>{4FC737F1-C7A5-4376-A066-2A32D752A2FF}</UniqueIdentifier>
      <Extensions>cpp;c;cc;cxx;def;odl;idl;hpj;bat;asm;asmx</Extensions>
    </Filter>
    <Filter Include="Заголовочные файлы">
      <UniqueIdentifier>{93995380-89BD-4b04-88EB-625FBE52EBFB}</UniqueIdentifier>
      <Extensions>h;hh;hpp;hxx;hm;inl;inc;xsd</Extensions>
    </Filter>
    <Filter Include="Файлы ресурсов">
      <UniqueIdentifier>{67DA6AB6-F800-4c08-8B7A-83BB121AAD01}</UniqueIdentifier>
      <Extensions>rc;ico;cur;bmp;dlg;rc2;rct;bin;rgs;gif;jpg;jpeg;jpe;resx;tiff;tif;png;wav;mfcribbon-ms</Extensions>
    </Filter>
    <Filter Include="Заголовочные файлы\Food">
      <UniqueIdentifier>{cd527094-f0f1-4f24-aacd-e0a23b19e17c}</UniqueIdentifier>
    </Filter>
    <Filter Include="Файлы исходного кода\Food">
      <UniqueIdentifier>{e9e32e33-25d4-42dc-854c-bb00274bae50}</UniqueIdentifier>
    </Filter>
    <Filter Include="Заголовочные файлы\Player">
      <UniqueIdentifier>{369d154e-5cff-4d35-8f93-3771a14859de}</UniqueIdentifier>
    </Filter>
    <Filter Include="Файлы исходного кода\Player">
      <UniqueIdentifier>{8c450aa3-b364-4eb4-924c-b6305e58f398}</UniqueIdentifier>
    </Filter>
  </ItemGroup>
  <ItemGroup>
    <ClCompile Include="main.cpp">
      <Filter>Файлы исходного кода</Filter>
    </ClCompile>
    <ClCompile Include="gui.cpp">
      <Filter>Файлы исходного кода</Filter>
    </ClCompile>
    <ClCompile Include="game.cpp">
      <Filter>Файлы исходного кода</Filter>
    </ClCompile>
    <ClCompile Include="food.cpp">
      <Filter>Файлы исходного кода\Food</Filter>
    </ClCompile>
    <ClCompile Include="foodParticle.cpp">
      <Filter>Файлы исходного кода\Food</Filter>
    </ClCompile>
    <ClCompile Include="renderChunk.cpp">
      <Filter>Файлы исходного кода\Food</Filter>
    </ClCompile>
    <ClCompile Include="cellpart.cpp">
      <Filter>Файлы исходного кода\Player</Filter>
    </ClCompile>
    <ClCompile Include="player.cpp">
      <Filter>Файлы исходного кода\Player</Filter>
    </ClCompile>
  </ItemGroup>
  <ItemGroup>
    <ClInclude Include="gui.hpp">
      <Filter>Заголовочные файлы</Filter>
    </ClInclude>
    <ClInclude Include="food.hpp">
      <Filter>Заголовочные файлы\Food</Filter>
    </ClInclude>
    <ClInclude Include="foodParticle.hpp">
      <Filter>Заголовочные файлы\Food</Filter>
    </ClInclude>
    <ClInclude Include="renderChunk.hpp">
      <Filter>Заголовочные файлы\Food</Filter>
    </ClInclude>
    <ClInclude Include="player.hpp">
      <Filter>Заголовочные файлы\Player</Filter>
    </ClInclude>
    <ClInclude Include="game.hpp">
      <Filter>Заголовочные файлы</Filter>
    </ClInclude>
    <ClInclude Include="cellpart.hpp">
      <Filter>Заголовочные файлы\Player</Filter>
    </ClInclude>
    <ClInclude Include="GlobalHeader.hpp">
      <Filter>Заголовочные файлы</Filter>
    </ClInclude>
  </ItemGroup>
</Project>